
Microsoft Visual Studio Solution File, Format Version 12.00
# Visual Studio Version 17
VisualStudioVersion = 17.9.34723.18
MinimumVisualStudioVersion = 10.0.40219.1
Project("{2150E333-8FDC-42A3-9474-1A3956D46DE8}") = "src", "src", "{F359378B-EE9D-4B3D-B830-769405EC16B5}"
EndProject
Project("{2150E333-8FDC-42A3-9474-1A3956D46DE8}") = "Auth", "Auth", "{971EA8D6-6DF9-4844-A6E3-9DC0703D8B81}"
EndProject
Project("{2150E333-8FDC-42A3-9474-1A3956D46DE8}") = "Ocelot", "Ocelot", "{E2D91799-FD15-402D-B99A-8F7DE63CAA68}"
EndProject
Project("{2150E333-8FDC-42A3-9474-1A3956D46DE8}") = "FirstApi", "FirstApi", "{9C60734C-2A69-41FF-B065-26712B396FD6}"
EndProject
Project("{2150E333-8FDC-42A3-9474-1A3956D46DE8}") = "SecondApi", "SecondApi", "{FF3660E8-3D4A-4C56-83EC-929313E3938A}"
EndProject
Project("{FAE04EC0-301F-11D3-BF4B-00C04F79EFBC}") = "Poc.Auth.Web", "Poc.Auth.Web\Poc.Auth.Web.csproj", "{20C995B4-B49B-4E41-A0D6-3E9AEA6AFA59}"
EndProject
Project("{FAE04EC0-301F-11D3-BF4B-00C04F79EFBC}") = "Poc.FirstApi.Web", "Poc.FirstApi.Web\Poc.FirstApi.Web.csproj", "{5F646D4B-BD5E-4747-9CF3-F38D57C3654C}"
EndProject
Project("{FAE04EC0-301F-11D3-BF4B-00C04F79EFBC}") = "Poc.SecondApi.Web", "Poc.SecondApi.Web\Poc.SecondApi.Web.csproj", "{DBB15518-5BD0-4BB9-BEC2-F8FDBB3ADE06}"
EndProject
Project("{2150E333-8FDC-42A3-9474-1A3956D46DE8}") = "Middleware", "Middleware", "{67294B55-A109-4F9D-97E2-9ADD486BCAE6}"
EndProject
Project("{FAE04EC0-301F-11D3-BF4B-00C04F79EFBC}") = "Poc.Middleware.Auth", "Poc.Middleware.Auth\Poc.Middleware.Auth.csproj", "{595FD0DC-F367-4D2A-A804-D3EDC0F32AD1}"
EndProject
Project("{FAE04EC0-301F-11D3-BF4B-00C04F79EFBC}") = "Poc.Ocelot.Getway", "Poc.Ocelot.Getway\Poc.Ocelot.Getway.csproj", "{D2E32257-8CBD-4161-8FCE-D61348823752}"
EndProject
Global
	GlobalSection(SolutionConfigurationPlatforms) = preSolution
		Debug|Any CPU = Debug|Any CPU
		Release|Any CPU = Release|Any CPU
	EndGlobalSection
	GlobalSection(ProjectConfigurationPlatforms) = postSolution
		{20C995B4-B49B-4E41-A0D6-3E9AEA6AFA59}.Debug|Any CPU.ActiveCfg = Debug|Any CPU
		{20C995B4-B49B-4E41-A0D6-3E9AEA6AFA59}.Debug|Any CPU.Build.0 = Debug|Any CPU
		{20C995B4-B49B-4E41-A0D6-3E9AEA6AFA59}.Release|Any CPU.ActiveCfg = Release|Any CPU
		{20C995B4-B49B-4E41-A0D6-3E9AEA6AFA59}.Release|Any CPU.Build.0 = Release|Any CPU
		{5F646D4B-BD5E-4747-9CF3-F38D57C3654C}.Debug|Any CPU.ActiveCfg = Debug|Any CPU
		{5F646D4B-BD5E-4747-9CF3-F38D57C3654C}.Debug|Any CPU.Build.0 = Debug|Any CPU
		{5F646D4B-BD5E-4747-9CF3-F38D57C3654C}.Release|Any CPU.ActiveCfg = Release|Any CPU
		{5F646D4B-BD5E-4747-9CF3-F38D57C3654C}.Release|Any CPU.Build.0 = Release|Any CPU
		{DBB15518-5BD0-4BB9-BEC2-F8FDBB3ADE06}.Debug|Any CPU.ActiveCfg = Debug|Any CPU
		{DBB15518-5BD0-4BB9-BEC2-F8FDBB3ADE06}.Debug|Any CPU.Build.0 = Debug|Any CPU
		{DBB15518-5BD0-4BB9-BEC2-F8FDBB3ADE06}.Release|Any CPU.ActiveCfg = Release|Any CPU
		{DBB15518-5BD0-4BB9-BEC2-F8FDBB3ADE06}.Release|Any CPU.Build.0 = Release|Any CPU
		{595FD0DC-F367-4D2A-A804-D3EDC0F32AD1}.Debug|Any CPU.ActiveCfg = Debug|Any CPU
		{595FD0DC-F367-4D2A-A804-D3EDC0F32AD1}.Debug|Any CPU.Build.0 = Debug|Any CPU
		{595FD0DC-F367-4D2A-A804-D3EDC0F32AD1}.Release|Any CPU.ActiveCfg = Release|Any CPU
		{595FD0DC-F367-4D2A-A804-D3EDC0F32AD1}.Release|Any CPU.Build.0 = Release|Any CPU
		{D2E32257-8CBD-4161-8FCE-D61348823752}.Debug|Any CPU.ActiveCfg = Debug|Any CPU
		{D2E32257-8CBD-4161-8FCE-D61348823752}.Debug|Any CPU.Build.0 = Debug|Any CPU
		{D2E32257-8CBD-4161-8FCE-D61348823752}.Release|Any CPU.ActiveCfg = Release|Any CPU
		{D2E32257-8CBD-4161-8FCE-D61348823752}.Release|Any CPU.Build.0 = Release|Any CPU
	EndGlobalSection
	GlobalSection(SolutionProperties) = preSolution
		HideSolutionNode = FALSE
	EndGlobalSection
	GlobalSection(NestedProjects) = preSolution
		{971EA8D6-6DF9-4844-A6E3-9DC0703D8B81} = {F359378B-EE9D-4B3D-B830-769405EC16B5}
		{E2D91799-FD15-402D-B99A-8F7DE63CAA68} = {F359378B-EE9D-4B3D-B830-769405EC16B5}
		{9C60734C-2A69-41FF-B065-26712B396FD6} = {F359378B-EE9D-4B3D-B830-769405EC16B5}
		{FF3660E8-3D4A-4C56-83EC-929313E3938A} = {F359378B-EE9D-4B3D-B830-769405EC16B5}
		{20C995B4-B49B-4E41-A0D6-3E9AEA6AFA59} = {971EA8D6-6DF9-4844-A6E3-9DC0703D8B81}
		{5F646D4B-BD5E-4747-9CF3-F38D57C3654C} = {9C60734C-2A69-41FF-B065-26712B396FD6}
		{DBB15518-5BD0-4BB9-BEC2-F8FDBB3ADE06} = {FF3660E8-3D4A-4C56-83EC-929313E3938A}
		{67294B55-A109-4F9D-97E2-9ADD486BCAE6} = {F359378B-EE9D-4B3D-B830-769405EC16B5}
		{595FD0DC-F367-4D2A-A804-D3EDC0F32AD1} = {67294B55-A109-4F9D-97E2-9ADD486BCAE6}
		{D2E32257-8CBD-4161-8FCE-D61348823752} = {E2D91799-FD15-402D-B99A-8F7DE63CAA68}
	EndGlobalSection
	GlobalSection(ExtensibilityGlobals) = postSolution
		SolutionGuid = {EC4EE3C4-1355-45F6-932E-4160A951B454}
	EndGlobalSection
EndGlobal
